
Microsoft Visual Studio Solution File, Format Version 12.00
# Visual Studio Version 16
VisualStudioVersion = 25.0.1705.4
MinimumVisualStudioVersion = 10.0.40219.1
Project("{FAE04EC0-301F-11D3-BF4B-00C04F79EFBC}") = "ChristmasWithTypes", "ChristmasWithTypes.csproj", "{62EFAA0B-49E3-4703-9FF7-6A038D73D1EB}"
EndProject
Global
	GlobalSection(SolutionConfigurationPlatforms) = preSolution
		Debug|Any CPU = Debug|Any CPU
		Release|Any CPU = Release|Any CPU
	EndGlobalSection
	GlobalSection(ProjectConfigurationPlatforms) = postSolution
		{62EFAA0B-49E3-4703-9FF7-6A038D73D1EB}.Debug|Any CPU.ActiveCfg = Debug|Any CPU
		{62EFAA0B-49E3-4703-9FF7-6A038D73D1EB}.Debug|Any CPU.Build.0 = Debug|Any CPU
		{62EFAA0B-49E3-4703-9FF7-6A038D73D1EB}.Release|Any CPU.ActiveCfg = Release|Any CPU
		{62EFAA0B-49E3-4703-9FF7-6A038D73D1EB}.Release|Any CPU.Build.0 = Release|Any CPU
	EndGlobalSection
	GlobalSection(SolutionProperties) = preSolution
		HideSolutionNode = FALSE
	EndGlobalSection
	GlobalSection(ExtensibilityGlobals) = postSolution
		SolutionGuid = {D02486B9-91DB-4FAB-A1CD-CE14B403CC59}
	EndGlobalSection
EndGlobal
